{
  "name": "FrontedEnd",
  "lockfileVersion": 3,
  "requires": true,
  "packages": {
    "": {
      "dependencies": {
        "axi": "^1.0.0"
      }
    },
    "node_modules/axi": {
      "version": "1.0.0",
      "resolved": "https://registry.npmjs.org/axi/-/axi-1.0.0.tgz",
      "integrity": "sha512-uRE/Vyu5otYKKOu0+vchwHAr0XUTHvkymtSyOUcL1y7mchNSVayThW+eWrtAC7qbTwk7FxpZJokG0VejvaPMDw=="
    }
  }
}
